
Microsoft Visual Studio Solution File, Format Version 12.00
# Visual Studio Version 16
VisualStudioVersion = 16.0.29411.108
MinimumVisualStudioVersion = 10.0.40219.1
Project("{FAE04EC0-301F-11D3-BF4B-00C04F79EFBC}") = "AlyTaloSovellus", "FirstProjectWPF\AlyTaloSovellus.csproj", "{AF6343D2-9522-4519-9106-BC08501CE3C1}"
EndProject
Global
	GlobalSection(SolutionConfigurationPlatforms) = preSolution
		Debug|Any CPU = Debug|Any CPU
		Release|Any CPU = Release|Any CPU
	EndGlobalSection
	GlobalSection(ProjectConfigurationPlatforms) = postSolution
		{AF6343D2-9522-4519-9106-BC08501CE3C1}.Debug|Any CPU.ActiveCfg = Debug|Any CPU
		{AF6343D2-9522-4519-9106-BC08501CE3C1}.Debug|Any CPU.Build.0 = Debug|Any CPU
		{AF6343D2-9522-4519-9106-BC08501CE3C1}.Release|Any CPU.ActiveCfg = Release|Any CPU
		{AF6343D2-9522-4519-9106-BC08501CE3C1}.Release|Any CPU.Build.0 = Release|Any CPU
	EndGlobalSection
	GlobalSection(SolutionProperties) = preSolution
		HideSolutionNode = FALSE
	EndGlobalSection
	GlobalSection(ExtensibilityGlobals) = postSolution
		SolutionGuid = {1E967938-0A2E-435A-99D2-5E4BB8765994}
	EndGlobalSection
EndGlobal
